
Microsoft Visual Studio Solution File, Format Version 12.00
# Visual Studio Version 16
VisualStudioVersion = 16.0.30225.117
MinimumVisualStudioVersion = 10.0.40219.1
Project("{FAE04EC0-301F-11D3-BF4B-00C04F79EFBC}") = "TwitterAPIApp", "TwitterAPIApp.csproj", "{35BAAC64-7409-4A2D-A1B6-0EEA55A101F0}"
EndProject
Global
	GlobalSection(SolutionConfigurationPlatforms) = preSolution
		Debug|Any CPU = Debug|Any CPU
		Release|Any CPU = Release|Any CPU
	EndGlobalSection
	GlobalSection(ProjectConfigurationPlatforms) = postSolution
		{35BAAC64-7409-4A2D-A1B6-0EEA55A101F0}.Debug|Any CPU.ActiveCfg = Debug|Any CPU
		{35BAAC64-7409-4A2D-A1B6-0EEA55A101F0}.Debug|Any CPU.Build.0 = Debug|Any CPU
		{35BAAC64-7409-4A2D-A1B6-0EEA55A101F0}.Release|Any CPU.ActiveCfg = Release|Any CPU
		{35BAAC64-7409-4A2D-A1B6-0EEA55A101F0}.Release|Any CPU.Build.0 = Release|Any CPU
	EndGlobalSection
	GlobalSection(SolutionProperties) = preSolution
		HideSolutionNode = FALSE
	EndGlobalSection
	GlobalSection(ExtensibilityGlobals) = postSolution
		SolutionGuid = {BEDA7F5E-C62F-4713-B804-A95B697A3247}
	EndGlobalSection
EndGlobal
